
Microsoft Visual Studio Solution File, Format Version 12.00
Project("{FAE04EC0-301F-11D3-BF4B-00C04F79EFBC}") = "Console", "Console\Console.csproj", "{48856CA2-1132-4D7C-B4A1-0717E484AD3E}"
EndProject
Project("{FAE04EC0-301F-11D3-BF4B-00C04F79EFBC}") = "Tests", "Tests\Tests.csproj", "{D6EBF271-FDB6-4CFA-A970-A43BBFF383FC}"
EndProject
Global
	GlobalSection(SolutionConfigurationPlatforms) = preSolution
		Debug|Any CPU = Debug|Any CPU
		Release|Any CPU = Release|Any CPU
	EndGlobalSection
	GlobalSection(ProjectConfigurationPlatforms) = postSolution
		{48856CA2-1132-4D7C-B4A1-0717E484AD3E}.Debug|Any CPU.ActiveCfg = Debug|Any CPU
		{48856CA2-1132-4D7C-B4A1-0717E484AD3E}.Debug|Any CPU.Build.0 = Debug|Any CPU
		{48856CA2-1132-4D7C-B4A1-0717E484AD3E}.Release|Any CPU.ActiveCfg = Release|Any CPU
		{48856CA2-1132-4D7C-B4A1-0717E484AD3E}.Release|Any CPU.Build.0 = Release|Any CPU
		{D6EBF271-FDB6-4CFA-A970-A43BBFF383FC}.Debug|Any CPU.ActiveCfg = Debug|Any CPU
		{D6EBF271-FDB6-4CFA-A970-A43BBFF383FC}.Debug|Any CPU.Build.0 = Debug|Any CPU
		{D6EBF271-FDB6-4CFA-A970-A43BBFF383FC}.Release|Any CPU.ActiveCfg = Release|Any CPU
		{D6EBF271-FDB6-4CFA-A970-A43BBFF383FC}.Release|Any CPU.Build.0 = Release|Any CPU
	EndGlobalSection
EndGlobal
